<?xml version="1.0" encoding="utf-8"?>
<Project ToolsVersion="4.0" xmlns="http://schemas.microsoft.com/developer/msbuild/2003">
  <ItemGroup>
    <ClCompile Include="..\..\common\src\cube.cpp" />
    <ClCompile Include="..\..\common\src\shader.cpp" />
    <ClCompile Include="..\..\common\src\wrapper_glfw.cpp" />
    <ClCompile Include="..\..\include\ImGUI\imgui.cpp" />
    <ClCompile Include="..\..\include\ImGUI\imgui_demo.cpp" />
    <ClCompile Include="..\..\include\ImGUI\imgui_draw.cpp" />
    <ClCompile Include="..\..\include\ImGUI\imgui_impl_glfw.cpp" />
    <ClCompile Include="..\..\include\ImGUI\imgui_impl_opengl3.cpp" />
    <ClCompile Include="..\..\include\ImGUI\imgui_widgets.cpp" />
    <ClCompile Include="DEM_terrain.cpp" />
    <ClCompile Include="flat_terrain.cpp" />
    <ClCompile Include="sphere_terrain.cpp" />
    <ClCompile Include="gui.cpp" />
    <ClCompile Include="main.cpp" />
    <ClCompile Include="thermal_texture1D.cpp" />
  </ItemGroup>
  <ItemGroup>
    <ClInclude Include="..\..\common\include\gui.h" />
    <ClInclude Include="DEM_terrain.h" />
    <ClInclude Include="flat_terrain.h" />
    <ClInclude Include="sphere_terrain.h" />
  </ItemGroup>
  <ItemGroup>
    <None Include="..\..\shaders\Hapke.frag" />
    <None Include="..\..\shaders\Hapke.vert" />
    <None Include="..\..\shaders\Proto1.frag" />
    <None Include="..\..\shaders\Proto1.vert" />
    <None Include="..\..\shaders\show_normals.frag" />
    <None Include="..\..\shaders\show_normals.geom" />
    <None Include="..\..\shaders\show_normals.vert" />
    <None Include="..\..\shaders\Thermal_1.frag" />
    <None Include="..\..\shaders\Thermal_1.vert" />
    <None Include="..\..\shaders\Thermal_2.frag" />
    <None Include="..\..\shaders\Thermal_2.vert" />
    <None Include="..\..\shaders\Thermal_Texture.frag" />
    <None Include="..\..\shaders\Thermal_Texture.vert" />
    <None Include="..\..\shaders\Thermal_Texture_Sphere.frag" />
    <None Include="..\..\shaders\Thermal_Texture_Sphere.vert" />
    <None Include="..\..\shaders\Lambert.frag" />
  </ItemGroup>
</Project>